
Microsoft Visual Studio Solution File, Format Version 12.00
# Visual Studio Version 16
VisualStudioVersion = 16.0.29613.14
MinimumVisualStudioVersion = 10.0.40219.1
Project("{FAE04EC0-301F-11D3-BF4B-00C04F79EFBC}") = "QuantityMeasurement", "QuantityMeasurement\QuantityMeasurement.csproj", "{0DA79594-17BA-4B51-8027-FDC0C8DB1731}"
EndProject
Project("{FAE04EC0-301F-11D3-BF4B-00C04F79EFBC}") = "QuentityMeasurementTest", "QuentityMeasurementTest\QuentityMeasurementTest.csproj", "{EF1F5016-53D2-4C78-9014-8309EED456D2}"
EndProject
Project("{2150E333-8FDC-42A3-9474-1A3956D46DE8}") = "Solution Items", "Solution Items", "{1EFADD74-C4FF-4993-94D0-3498E2D7A5B5}"
	ProjectSection(SolutionItems) = preProject
		.editorconfig = .editorconfig
	EndProjectSection
EndProject
Global
	GlobalSection(SolutionConfigurationPlatforms) = preSolution
		Debug|Any CPU = Debug|Any CPU
		Release|Any CPU = Release|Any CPU
	EndGlobalSection
	GlobalSection(ProjectConfigurationPlatforms) = postSolution
		{0DA79594-17BA-4B51-8027-FDC0C8DB1731}.Debug|Any CPU.ActiveCfg = Debug|Any CPU
		{0DA79594-17BA-4B51-8027-FDC0C8DB1731}.Debug|Any CPU.Build.0 = Debug|Any CPU
		{0DA79594-17BA-4B51-8027-FDC0C8DB1731}.Release|Any CPU.ActiveCfg = Release|Any CPU
		{0DA79594-17BA-4B51-8027-FDC0C8DB1731}.Release|Any CPU.Build.0 = Release|Any CPU
		{EF1F5016-53D2-4C78-9014-8309EED456D2}.Debug|Any CPU.ActiveCfg = Debug|Any CPU
		{EF1F5016-53D2-4C78-9014-8309EED456D2}.Debug|Any CPU.Build.0 = Debug|Any CPU
		{EF1F5016-53D2-4C78-9014-8309EED456D2}.Release|Any CPU.ActiveCfg = Release|Any CPU
		{EF1F5016-53D2-4C78-9014-8309EED456D2}.Release|Any CPU.Build.0 = Release|Any CPU
	EndGlobalSection
	GlobalSection(SolutionProperties) = preSolution
		HideSolutionNode = FALSE
	EndGlobalSection
	GlobalSection(ExtensibilityGlobals) = postSolution
		SolutionGuid = {87C238B1-A4B8-44EB-81AB-6E026831AEF7}
	EndGlobalSection
EndGlobal
